
Microsoft Visual Studio Solution File, Format Version 12.00
# Visual Studio 14
VisualStudioVersion = 14.0.25420.1
MinimumVisualStudioVersion = 10.0.40219.1
Project("{FAE04EC0-301F-11D3-BF4B-00C04F79EFBC}") = "MyRepo", "MyRepo\MyRepo.csproj", "{DA123D51-94FF-4FD5-8BA3-C6BF8166A9EA}"
EndProject
Project("{FAE04EC0-301F-11D3-BF4B-00C04F79EFBC}") = "ASP.NET MVC Test", "..\..\..\..\Source\Repos\ASP.NET-MVC-Test\ASP.NET MVC Test\ASP.NET MVC Test\ASP.NET MVC Test.csproj", "{6428DB54-80AB-48BB-9B63-0BD75111B800}"
EndProject
Global
	GlobalSection(SolutionConfigurationPlatforms) = preSolution
		Debug|Any CPU = Debug|Any CPU
		Release|Any CPU = Release|Any CPU
	EndGlobalSection
	GlobalSection(ProjectConfigurationPlatforms) = postSolution
		{DA123D51-94FF-4FD5-8BA3-C6BF8166A9EA}.Debug|Any CPU.ActiveCfg = Debug|Any CPU
		{DA123D51-94FF-4FD5-8BA3-C6BF8166A9EA}.Debug|Any CPU.Build.0 = Debug|Any CPU
		{DA123D51-94FF-4FD5-8BA3-C6BF8166A9EA}.Release|Any CPU.ActiveCfg = Release|Any CPU
		{DA123D51-94FF-4FD5-8BA3-C6BF8166A9EA}.Release|Any CPU.Build.0 = Release|Any CPU
		{6428DB54-80AB-48BB-9B63-0BD75111B800}.Debug|Any CPU.ActiveCfg = Debug|Any CPU
		{6428DB54-80AB-48BB-9B63-0BD75111B800}.Debug|Any CPU.Build.0 = Debug|Any CPU
		{6428DB54-80AB-48BB-9B63-0BD75111B800}.Release|Any CPU.ActiveCfg = Release|Any CPU
		{6428DB54-80AB-48BB-9B63-0BD75111B800}.Release|Any CPU.Build.0 = Release|Any CPU
	EndGlobalSection
	GlobalSection(SolutionProperties) = preSolution
		HideSolutionNode = FALSE
	EndGlobalSection
EndGlobal
